// !$*UTF8*$!
{
	archiveVersion = 1;
	classes = {
	};
	objectVersion = 46;
	objects = {

/* Begin PBXBuildFile section */
		A2FDEAA71CFC3D12006B0075 /* AppDelegate.swift in Sources */ = {isa = PBXBuildFile; fileRef = A2FDEAA61CFC3D12006B0075 /* AppDelegate.swift */; };
		A2FDEAA91CFC3D12006B0075 /* ViewController.swift in Sources */ = {isa = PBXBuildFile; fileRef = A2FDEAA81CFC3D12006B0075 /* ViewController.swift */; };
		A2FDEAAF1CFC3D12006B0075 /* CellTypeTableView.xcdatamodeld in Sources */ = {isa = PBXBuildFile; fileRef = A2FDEAAD1CFC3D12006B0075 /* CellTypeTableView.xcdatamodeld */; };
		A2FDEAB11CFC3D12006B0075 /* Assets.xcassets in Resources */ = {isa = PBXBuildFile; fileRef = A2FDEAB01CFC3D12006B0075 /* Assets.xcassets */; };
		A2FDEAB41CFC3D12006B0075 /* LaunchScreen.storyboard in Resources */ = {isa = PBXBuildFile; fileRef = A2FDEAB21CFC3D12006B0075 /* LaunchScreen.storyboard */; };
		A2FDEABF1CFC3D12006B0075 /* CellTypeTableViewTests.swift in Sources */ = {isa = PBXBuildFile; fileRef = A2FDEABE1CFC3D12006B0075 /* CellTypeTableViewTests.swift */; };
		A2FDEACA1CFC3D12006B0075 /* CellTypeTableViewUITests.swift in Sources */ = {isa = PBXBuildFile; fileRef = A2FDEAC91CFC3D12006B0075 /* CellTypeTableViewUITests.swift */; };
		A2FDEAD81CFC3EC9006B0075 /* TYCodeViewController.swift in Sources */ = {isa = PBXBuildFile; fileRef = A2FDEAD71CFC3EC9006B0075 /* TYCodeViewController.swift */; };
		A2FDEADA1CFC3EDB006B0075 /* TYXIBViewController.swift in Sources */ = {isa = PBXBuildFile; fileRef = A2FDEAD91CFC3EDB006B0075 /* TYXIBViewController.swift */; };
		A2FDEADC1CFC3EFE006B0075 /* TYStoryboardViewController.swift in Sources */ = {isa = PBXBuildFile; fileRef = A2FDEADB1CFC3EFE006B0075 /* TYStoryboardViewController.swift */; };
		A2FDEADE1CFC4045006B0075 /* TYCodeTableViewCell.swift in Sources */ = {isa = PBXBuildFile; fileRef = A2FDEADD1CFC4045006B0075 /* TYCodeTableViewCell.swift */; };
		A2FDEAE11CFC437E006B0075 /* TYXIBTableViewCell.swift in Sources */ = {isa = PBXBuildFile; fileRef = A2FDEADF1CFC437E006B0075 /* TYXIBTableViewCell.swift */; };
		A2FDEAE21CFC437E006B0075 /* TYXIBTableViewCell.xib in Resources */ = {isa = PBXBuildFile; fileRef = A2FDEAE01CFC437E006B0075 /* TYXIBTableViewCell.xib */; };
		A2FDEAE41CFC488A006B0075 /* type.storyboard in Resources */ = {isa = PBXBuildFile; fileRef = A2FDEAE31CFC488A006B0075 /* type.storyboard */; };
		A2FDEAE61CFC5081006B0075 /* TYStoryboardTableViewCell.swift in Sources */ = {isa = PBXBuildFile; fileRef = A2FDEAE51CFC5081006B0075 /* TYStoryboardTableViewCell.swift */; };
/* End PBXBuildFile section */

/* Begin PBXContainerItemProxy section */
		A2FDEABB1CFC3D12006B0075 /* PBXContainerItemProxy */ = {
			isa = PBXContainerItemProxy;
			containerPortal = A2FDEA9B1CFC3D12006B0075 /* Project object */;
			proxyType = 1;
			remoteGlobalIDString = A2FDEAA21CFC3D12006B0075;
			remoteInfo = CellTypeTableView;
		};
		A2FDEAC61CFC3D12006B0075 /* PBXContainerItemProxy */ = {
			isa = PBXContainerItemProxy;
			containerPortal = A2FDEA9B1CFC3D12006B0075 /* Project object */;
			proxyType = 1;
			remoteGlobalIDString = A2FDEAA21CFC3D12006B0075;
			remoteInfo = CellTypeTableView;
		};
/* End PBXContainerItemProxy section */

/* Begin PBXFileReference section */
		A2FDEAA31CFC3D12006B0075 /* CellTypeTableView.app */ = {isa = PBXFileReference; explicitFileType = wrapper.application; includeInIndex = 0; path = CellTypeTableView.app; sourceTree = BUILT_PRODUCTS_DIR; };
		A2FDEAA61CFC3D12006B0075 /* AppDelegate.swift */ = {isa = PBXFileReference; lastKnownFileType = sourcecode.swift; path = AppDelegate.swift; sourceTree = "<group>"; };
		A2FDEAA81CFC3D12006B0075 /* ViewController.swift */ = {isa = PBXFileReference; lastKnownFileType = sourcecode.swift; path = ViewController.swift; sourceTree = "<group>"; };
		A2FDEAAE1CFC3D12006B0075 /* CellTypeTableView.xcdatamodel */ = {isa = PBXFileReference; lastKnownFileType = wrapper.xcdatamodel; path = CellTypeTableView.xcdatamodel; sourceTree = "<group>"; };
		A2FDEAB01CFC3D12006B0075 /* Assets.xcassets */ = {isa = PBXFileReference; lastKnownFileType = folder.assetcatalog; path = Assets.xcassets; sourceTree = "<group>"; };
		A2FDEAB31CFC3D12006B0075 /* Base */ = {isa = PBXFileReference; lastKnownFileType = file.storyboard; name = Base; path = Base.lproj/LaunchScreen.storyboard; sourceTree = "<group>"; };
		A2FDEAB51CFC3D12006B0075 /* Info.plist */ = {isa = PBXFileReference; lastKnownFileType = text.plist.xml; path = Info.plist; sourceTree = "<group>"; };
		A2FDEABA1CFC3D12006B0075 /* CellTypeTableViewTests.xctest */ = {isa = PBXFileReference; explicitFileType = wrapper.cfbundle; includeInIndex = 0; path = CellTypeTableViewTests.xctest; sourceTree = BUILT_PRODUCTS_DIR; };
		A2FDEABE1CFC3D12006B0075 /* CellTypeTableViewTests.swift */ = {isa = PBXFileReference; lastKnownFileType = sourcecode.swift; path = CellTypeTableViewTests.swift; sourceTree = "<group>"; };
		A2FDEAC01CFC3D12006B0075 /* Info.plist */ = {isa = PBXFileReference; lastKnownFileType = text.plist.xml; path = Info.plist; sourceTree = "<group>"; };
		A2FDEAC51CFC3D12006B0075 /* CellTypeTableViewUITests.xctest */ = {isa = PBXFileReference; explicitFileType = wrapper.cfbundle; includeInIndex = 0; path = CellTypeTableViewUITests.xctest; sourceTree = BUILT_PRODUCTS_DIR; };
		A2FDEAC91CFC3D12006B0075 /* CellTypeTableViewUITests.swift */ = {isa = PBXFileReference; lastKnownFileType = sourcecode.swift; path = CellTypeTableViewUITests.swift; sourceTree = "<group>"; };
		A2FDEACB1CFC3D12006B0075 /* Info.plist */ = {isa = PBXFileReference; lastKnownFileType = text.plist.xml; path = Info.plist; sourceTree = "<group>"; };
		A2FDEAD71CFC3EC9006B0075 /* TYCodeViewController.swift */ = {isa = PBXFileReference; fileEncoding = 4; lastKnownFileType = sourcecode.swift; path = TYCodeViewController.swift; sourceTree = "<group>"; };
		A2FDEAD91CFC3EDB006B0075 /* TYXIBViewController.swift */ = {isa = PBXFileReference; fileEncoding = 4; lastKnownFileType = sourcecode.swift; path = TYXIBViewController.swift; sourceTree = "<group>"; };
		A2FDEADB1CFC3EFE006B0075 /* TYStoryboardViewController.swift */ = {isa = PBXFileReference; fileEncoding = 4; lastKnownFileType = sourcecode.swift; path = TYStoryboardViewController.swift; sourceTree = "<group>"; };
		A2FDEADD1CFC4045006B0075 /* TYCodeTableViewCell.swift */ = {isa = PBXFileReference; fileEncoding = 4; lastKnownFileType = sourcecode.swift; path = TYCodeTableViewCell.swift; sourceTree = "<group>"; };
		A2FDEADF1CFC437E006B0075 /* TYXIBTableViewCell.swift */ = {isa = PBXFileReference; fileEncoding = 4; lastKnownFileType = sourcecode.swift; path = TYXIBTableViewCell.swift; sourceTree = "<group>"; };
		A2FDEAE01CFC437E006B0075 /* TYXIBTableViewCell.xib */ = {isa = PBXFileReference; fileEncoding = 4; lastKnownFileType = file.xib; path = TYXIBTableViewCell.xib; sourceTree = "<group>"; };
		A2FDEAE31CFC488A006B0075 /* type.storyboard */ = {isa = PBXFileReference; fileEncoding = 4; lastKnownFileType = file.storyboard; path = type.storyboard; sourceTree = "<group>"; };
		A2FDEAE51CFC5081006B0075 /* TYStoryboardTableViewCell.swift */ = {isa = PBXFileReference; fileEncoding = 4; lastKnownFileType = sourcecode.swift; path = TYStoryboardTableViewCell.swift; sourceTree = "<group>"; };
/* End PBXFileReference section */

/* Begin PBXFrameworksBuildPhase section */
		A2FDEAA01CFC3D12006B0075 /* Frameworks */ = {
			isa = PBXFrameworksBuildPhase;
			buildActionMask = 2147483647;
			files = (
			);
			runOnlyForDeploymentPostprocessing = 0;
		};
		A2FDEAB71CFC3D12006B0075 /* Frameworks */ = {
			isa = PBXFrameworksBuildPhase;
			buildActionMask = 2147483647;
			files = (
			);
			runOnlyForDeploymentPostprocessing = 0;
		};
		A2FDEAC21CFC3D12006B0075 /* Frameworks */ = {
			isa = PBXFrameworksBuildPhase;
			buildActionMask = 2147483647;
			files = (
			);
			runOnlyForDeploymentPostprocessing = 0;
		};
/* End PBXFrameworksBuildPhase section */

/* Begin PBXGroup section */
		A2FDEA9A1CFC3D12006B0075 = {
			isa = PBXGroup;
			children = (
				A2FDEAA51CFC3D12006B0075 /* CellTypeTableView */,
				A2FDEABD1CFC3D12006B0075 /* CellTypeTableViewTests */,
				A2FDEAC81CFC3D12006B0075 /* CellTypeTableViewUITests */,
				A2FDEAA41CFC3D12006B0075 /* Products */,
			);
			sourceTree = "<group>";
		};
		A2FDEAA41CFC3D12006B0075 /* Products */ = {
			isa = PBXGroup;
			children = (
				A2FDEAA31CFC3D12006B0075 /* CellTypeTableView.app */,
				A2FDEABA1CFC3D12006B0075 /* CellTypeTableViewTests.xctest */,
				A2FDEAC51CFC3D12006B0075 /* CellTypeTableViewUITests.xctest */,
			);
			name = Products;
			sourceTree = "<group>";
		};
		A2FDEAA51CFC3D12006B0075 /* CellTypeTableView */ = {
			isa = PBXGroup;
			children = (
				A2FDEAA61CFC3D12006B0075 /* AppDelegate.swift */,
				A2FDEAA81CFC3D12006B0075 /* ViewController.swift */,
				A2FDEAD71CFC3EC9006B0075 /* TYCodeViewController.swift */,
				A2FDEADD1CFC4045006B0075 /* TYCodeTableViewCell.swift */,
				A2FDEAD91CFC3EDB006B0075 /* TYXIBViewController.swift */,
				A2FDEADF1CFC437E006B0075 /* TYXIBTableViewCell.swift */,
				A2FDEAE01CFC437E006B0075 /* TYXIBTableViewCell.xib */,
				A2FDEADB1CFC3EFE006B0075 /* TYStoryboardViewController.swift */,
				A2FDEAE51CFC5081006B0075 /* TYStoryboardTableViewCell.swift */,
				A2FDEAB01CFC3D12006B0075 /* Assets.xcassets */,
				A2FDEAB21CFC3D12006B0075 /* LaunchScreen.storyboard */,
				A2FDEAE31CFC488A006B0075 /* type.storyboard */,
				A2FDEAB51CFC3D12006B0075 /* Info.plist */,
				A2FDEAAD1CFC3D12006B0075 /* CellTypeTableView.xcdatamodeld */,
			);
			path = CellTypeTableView;
			sourceTree = "<group>";
		};
		A2FDEABD1CFC3D12006B0075 /* CellTypeTableViewTests */ = {
			isa = PBXGroup;
			children = (
				A2FDEABE1CFC3D12006B0075 /* CellTypeTableViewTests.swift */,
				A2FDEAC01CFC3D12006B0075 /* Info.plist */,
			);
			path = CellTypeTableViewTests;
			sourceTree = "<group>";
		};
		A2FDEAC81CFC3D12006B0075 /* CellTypeTableViewUITests */ = {
			isa = PBXGroup;
			children = (
				A2FDEAC91CFC3D12006B0075 /* CellTypeTableViewUITests.swift */,
				A2FDEACB1CFC3D12006B0075 /* Info.plist */,
			);
			path = CellTypeTableViewUITests;
			sourceTree = "<group>";
		};
/* End PBXGroup section */

/* Begin PBXNativeTarget section */
		A2FDEAA21CFC3D12006B0075 /* CellTypeTableView */ = {
			isa = PBXNativeTarget;
			buildConfigurationList = A2FDEACE1CFC3D12006B0075 /* Build configuration list for PBXNativeTarget "CellTypeTableView" */;
			buildPhases = (
				A2FDEA9F1CFC3D12006B0075 /* Sources */,
				A2FDEAA01CFC3D12006B0075 /* Frameworks */,
				A2FDEAA11CFC3D12006B0075 /* Resources */,
			);
			buildRules = (
			);
			dependencies = (
			);
			name = CellTypeTableView;
			productName = CellTypeTableView;
			productReference = A2FDEAA31CFC3D12006B0075 /* CellTypeTableView.app */;
			productType = "com.apple.product-type.application";
		};
		A2FDEAB91CFC3D12006B0075 /* CellTypeTableViewTests */ = {
			isa = PBXNativeTarget;
			buildConfigurationList = A2FDEAD11CFC3D12006B0075 /* Build configuration list for PBXNativeTarget "CellTypeTableViewTests" */;
			buildPhases = (
				A2FDEAB61CFC3D12006B0075 /* Sources */,
				A2FDEAB71CFC3D12006B0075 /* Frameworks */,
				A2FDEAB81CFC3D12006B0075 /* Resources */,
			);
			buildRules = (
			);
			dependencies = (
				A2FDEABC1CFC3D12006B0075 /* PBXTargetDependency */,
			);
			name = CellTypeTableViewTests;
			productName = CellTypeTableViewTests;
			productReference = A2FDEABA1CFC3D12006B0075 /* CellTypeTableViewTests.xctest */;
			productType = "com.apple.product-type.bundle.unit-test";
		};
		A2FDEAC41CFC3D12006B0075 /* CellTypeTableViewUITests */ = {
			isa = PBXNativeTarget;
			buildConfigurationList = A2FDEAD41CFC3D12006B0075 /* Build configuration list for PBXNativeTarget "CellTypeTableViewUITests" */;
			buildPhases = (
				A2FDEAC11CFC3D12006B0075 /* Sources */,
				A2FDEAC21CFC3D12006B0075 /* Frameworks */,
				A2FDEAC31CFC3D12006B0075 /* Resources */,
			);
			buildRules = (
			);
			dependencies = (
				A2FDEAC71CFC3D12006B0075 /* PBXTargetDependency */,
			);
			name = CellTypeTableViewUITests;
			productName = CellTypeTableViewUITests;
			productReference = A2FDEAC51CFC3D12006B0075 /* CellTypeTableViewUITests.xctest */;
			productType = "com.apple.product-type.bundle.ui-testing";
		};
/* End PBXNativeTarget section */

/* Begin PBXProject section */
		A2FDEA9B1CFC3D12006B0075 /* Project object */ = {
			isa = PBXProject;
			attributes = {
				LastSwiftUpdateCheck = 0730;
				LastUpgradeCheck = 0730;
				ORGANIZATIONNAME = "汤义";
				TargetAttributes = {
					A2FDEAA21CFC3D12006B0075 = {
						CreatedOnToolsVersion = 7.3;
					};
					A2FDEAB91CFC3D12006B0075 = {
						CreatedOnToolsVersion = 7.3;
						TestTargetID = A2FDEAA21CFC3D12006B0075;
					};
					A2FDEAC41CFC3D12006B0075 = {
						CreatedOnToolsVersion = 7.3;
						TestTargetID = A2FDEAA21CFC3D12006B0075;
					};
				};
			};
			buildConfigurationList = A2FDEA9E1CFC3D12006B0075 /* Build configuration list for PBXProject "CellTypeTableView" */;
			compatibilityVersion = "Xcode 3.2";
			developmentRegion = English;
			hasScannedForEncodings = 0;
			knownRegions = (
				en,
				Base,
			);
			mainGroup = A2FDEA9A1CFC3D12006B0075;
			productRefGroup = A2FDEAA41CFC3D12006B0075 /* Products */;
			projectDirPath = "";
			projectRoot = "";
			targets = (
				A2FDEAA21CFC3D12006B0075 /* CellTypeTableView */,
				A2FDEAB91CFC3D12006B0075 /* CellTypeTableViewTests */,
				A2FDEAC41CFC3D12006B0075 /* CellTypeTableViewUITests */,
			);
		};
/* End PBXProject section */

/* Begin PBXResourcesBuildPhase section */
		A2FDEAA11CFC3D12006B0075 /* Resources */ = {
			isa = PBXResourcesBuildPhase;
			buildActionMask = 2147483647;
			files = (
				A2FDEAE41CFC488A006B0075 /* type.storyboard in Resources */,
				A2FDEAB41CFC3D12006B0075 /* LaunchScreen.storyboard in Resources */,
				A2FDEAE21CFC437E006B0075 /* TYXIBTableViewCell.xib in Resources */,
				A2FDEAB11CFC3D12006B0075 /* Assets.xcassets in Resources */,
			);
			runOnlyForDeploymentPostprocessing = 0;
		};
		A2FDEAB81CFC3D12006B0075 /* Resources */ = {
			isa = PBXResourcesBuildPhase;
			buildActionMask = 2147483647;
			files = (
			);
			runOnlyForDeploymentPostprocessing = 0;
		};
		A2FDEAC31CFC3D12006B0075 /* Resources */ = {
			isa = PBXResourcesBuildPhase;
			buildActionMask = 2147483647;
			files = (
			);
			runOnlyForDeploymentPostprocessing = 0;
		};
/* End PBXResourcesBuildPhase section */

/* Begin PBXSourcesBuildPhase section */
		A2FDEA9F1CFC3D12006B0075 /* Sources */ = {
			isa = PBXSourcesBuildPhase;
			buildActionMask = 2147483647;
			files = (
				A2FDEADC1CFC3EFE006B0075 /* TYStoryboardViewController.swift in Sources */,
				A2FDEAE61CFC5081006B0075 /* TYStoryboardTableViewCell.swift in Sources */,
				A2FDEAD81CFC3EC9006B0075 /* TYCodeViewController.swift in Sources */,
				A2FDEAA91CFC3D12006B0075 /* ViewController.swift in Sources */,
				A2FDEAA71CFC3D12006B0075 /* AppDelegate.swift in Sources */,
				A2FDEAAF1CFC3D12006B0075 /* CellTypeTableView.xcdatamodeld in Sources */,
				A2FDEADE1CFC4045006B0075 /* TYCodeTableViewCell.swift in Sources */,
				A2FDEAE11CFC437E006B0075 /* TYXIBTableViewCell.swift in Sources */,
				A2FDEADA1CFC3EDB006B0075 /* TYXIBViewController.swift in Sources */,
			);
			runOnlyForDeploymentPostprocessing = 0;
		};
		A2FDEAB61CFC3D12006B0075 /* Sources */ = {
			isa = PBXSourcesBuildPhase;
			buildActionMask = 2147483647;
			files = (
				A2FDEABF1CFC3D12006B0075 /* CellTypeTableViewTests.swift in Sources */,
			);
			runOnlyForDeploymentPostprocessing = 0;
		};
		A2FDEAC11CFC3D12006B0075 /* Sources */ = {
			isa = PBXSourcesBuildPhase;
			buildActionMask = 2147483647;
			files = (
				A2FDEACA1CFC3D12006B0075 /* CellTypeTableViewUITests.swift in Sources */,
			);
			runOnlyForDeploymentPostprocessing = 0;
		};
/* End PBXSourcesBuildPhase section */

/* Begin PBXTargetDependency section */
		A2FDEABC1CFC3D12006B0075 /* PBXTargetDependency */ = {
			isa = PBXTargetDependency;
			target = A2FDEAA21CFC3D12006B0075 /* CellTypeTableView */;
			targetProxy = A2FDEABB1CFC3D12006B0075 /* PBXContainerItemProxy */;
		};
		A2FDEAC71CFC3D12006B0075 /* PBXTargetDependency */ = {
			isa = PBXTargetDependency;
			target = A2FDEAA21CFC3D12006B0075 /* CellTypeTableView */;
			targetProxy = A2FDEAC61CFC3D12006B0075 /* PBXContainerItemProxy */;
		};
/* End PBXTargetDependency section */

/* Begin PBXVariantGroup section */
		A2FDEAB21CFC3D12006B0075 /* LaunchScreen.storyboard */ = {
			isa = PBXVariantGroup;
			children = (
				A2FDEAB31CFC3D12006B0075 /* Base */,
			);
			name = LaunchScreen.storyboard;
			sourceTree = "<group>";
		};
/* End PBXVariantGroup section */

/* Begin XCBuildConfiguration section */
		A2FDEACC1CFC3D12006B0075 /* Debug */ = {
			isa = XCBuildConfiguration;
			buildSettings = {
				ALWAYS_SEARCH_USER_PATHS = NO;
				CLANG_ANALYZER_NONNULL = YES;
				CLANG_CXX_LANGUAGE_STANDARD = "gnu++0x";
				CLANG_CXX_LIBRARY = "libc++";
				CLANG_ENABLE_MODULES = YES;
				CLANG_ENABLE_OBJC_ARC = YES;
				CLANG_WARN_BOOL_CONVERSION = YES;
				CLANG_WARN_CONSTANT_CONVERSION = YES;
				CLANG_WARN_DIRECT_OBJC_ISA_USAGE = YES_ERROR;
				CLANG_WARN_EMPTY_BODY = YES;
				CLANG_WARN_ENUM_CONVERSION = YES;
				CLANG_WARN_INT_CONVERSION = YES;
				CLANG_WARN_OBJC_ROOT_CLASS = YES_ERROR;
				CLANG_WARN_UNREACHABLE_CODE = YES;
				CLANG_WARN__DUPLICATE_METHOD_MATCH = YES;
				"CODE_SIGN_IDENTITY[sdk=iphoneos*]" = "iPhone Developer";
				COPY_PHASE_STRIP = NO;
				DEBUG_INFORMATION_FORMAT = dwarf;
				ENABLE_STRICT_OBJC_MSGSEND = YES;
				ENABLE_TESTABILITY = YES;
				GCC_C_LANGUAGE_STANDARD = gnu99;
				GCC_DYNAMIC_NO_PIC = NO;
				GCC_NO_COMMON_BLOCKS = YES;
				GCC_OPTIMIZATION_LEVEL = 0;
				GCC_PREPROCESSOR_DEFINITIONS = (
					"DEBUG=1",
					"$(inherited)",
				);
				GCC_WARN_64_TO_32_BIT_CONVERSION = YES;
				GCC_WARN_ABOUT_RETURN_TYPE = YES_ERROR;
				GCC_WARN_UNDECLARED_SELECTOR = YES;
				GCC_WARN_UNINITIALIZED_AUTOS = YES_AGGRESSIVE;
				GCC_WARN_UNUSED_FUNCTION = YES;
				GCC_WARN_UNUSED_VARIABLE = YES;
				IPHONEOS_DEPLOYMENT_TARGET = 9.3;
				MTL_ENABLE_DEBUG_INFO = YES;
				ONLY_ACTIVE_ARCH = YES;
				SDKROOT = iphoneos;
				SWIFT_OPTIMIZATION_LEVEL = "-Onone";
				TARGETED_DEVICE_FAMILY = "1,2";
			};
			name = Debug;
		};
		A2FDEACD1CFC3D12006B0075 /* Release */ = {
			isa = XCBuildConfiguration;
			buildSettings = {
				ALWAYS_SEARCH_USER_PATHS = NO;
				CLANG_ANALYZER_NONNULL = YES;
				CLANG_CXX_LANGUAGE_STANDARD = "gnu++0x";
				CLANG_CXX_LIBRARY = "libc++";
				CLANG_ENABLE_MODULES = YES;
				CLANG_ENABLE_OBJC_ARC = YES;
				CLANG_WARN_BOOL_CONVERSION = YES;
				CLANG_WARN_CONSTANT_CONVERSION = YES;
				CLANG_WARN_DIRECT_OBJC_ISA_USAGE = YES_ERROR;
				CLANG_WARN_EMPTY_BODY = YES;
				CLANG_WARN_ENUM_CONVERSION = YES;
				CLANG_WARN_INT_CONVERSION = YES;
				CLANG_WARN_OBJC_ROOT_CLASS = YES_ERROR;
				CLANG_WARN_UNREACHABLE_CODE = YES;
				CLANG_WARN__DUPLICATE_METHOD_MATCH = YES;
				"CODE_SIGN_IDENTITY[sdk=iphoneos*]" = "iPhone Developer";
				COPY_PHASE_STRIP = NO;
				DEBUG_INFORMATION_FORMAT = "dwarf-with-dsym";
				ENABLE_NS_ASSERTIONS = NO;
				ENABLE_STRICT_OBJC_MSGSEND = YES;
				GCC_C_LANGUAGE_STANDARD = gnu99;
				GCC_NO_COMMON_BLOCKS = YES;
				GCC_WARN_64_TO_32_BIT_CONVERSION = YES;
				GCC_WARN_ABOUT_RETURN_TYPE = YES_ERROR;
				GCC_WARN_UNDECLARED_SELECTOR = YES;
				GCC_WARN_UNINITIALIZED_AUTOS = YES_AGGRESSIVE;
				GCC_WARN_UNUSED_FUNCTION = YES;
				GCC_WARN_UNUSED_VARIABLE = YES;
				IPHONEOS_DEPLOYMENT_TARGET = 9.3;
				MTL_ENABLE_DEBUG_INFO = NO;
				SDKROOT = iphoneos;
				TARGETED_DEVICE_FAMILY = "1,2";
				VALIDATE_PRODUCT = YES;
			};
			name = Release;
		};
		A2FDEACF1CFC3D12006B0075 /* Debug */ = {
			isa = XCBuildConfiguration;
			buildSettings = {
				ASSETCATALOG_COMPILER_APPICON_NAME = AppIcon;
				INFOPLIST_FILE = CellTypeTableView/Info.plist;
				LD_RUNPATH_SEARCH_PATHS = "$(inherited) @executable_path/Frameworks";
				PRODUCT_BUNDLE_IDENTIFIER = TY.daom.CellTypeTableView;
				PRODUCT_NAME = "$(TARGET_NAME)";
			};
			name = Debug;
		};
		A2FDEAD01CFC3D12006B0075 /* Release */ = {
			isa = XCBuildConfiguration;
			buildSettings = {
				ASSETCATALOG_COMPILER_APPICON_NAME = AppIcon;
				INFOPLIST_FILE = CellTypeTableView/Info.plist;
				LD_RUNPATH_SEARCH_PATHS = "$(inherited) @executable_path/Frameworks";
				PRODUCT_BUNDLE_IDENTIFIER = TY.daom.CellTypeTableView;
				PRODUCT_NAME = "$(TARGET_NAME)";
			};
			name = Release;
		};
		A2FDEAD21CFC3D12006B0075 /* Debug */ = {
			isa = XCBuildConfiguration;
			buildSettings = {
				BUNDLE_LOADER = "$(TEST_HOST)";
				INFOPLIST_FILE = CellTypeTableViewTests/Info.plist;
				LD_RUNPATH_SEARCH_PATHS = "$(inherited) @executable_path/Frameworks @loader_path/Frameworks";
				PRODUCT_BUNDLE_IDENTIFIER = TY.daom.CellTypeTableViewTests;
				PRODUCT_NAME = "$(TARGET_NAME)";
				TEST_HOST = "$(BUILT_PRODUCTS_DIR)/CellTypeTableView.app/CellTypeTableView";
			};
			name = Debug;
		};
		A2FDEAD31CFC3D12006B0075 /* Release */ = {
			isa = XCBuildConfiguration;
			buildSettings = {
				BUNDLE_LOADER = "$(TEST_HOST)";
				INFOPLIST_FILE = CellTypeTableViewTests/Info.plist;
				LD_RUNPATH_SEARCH_PATHS = "$(inherited) @executable_path/Frameworks @loader_path/Frameworks";
				PRODUCT_BUNDLE_IDENTIFIER = TY.daom.CellTypeTableViewTests;
				PRODUCT_NAME = "$(TARGET_NAME)";
				TEST_HOST = "$(BUILT_PRODUCTS_DIR)/CellTypeTableView.app/CellTypeTableView";
			};
			name = Release;
		};
		A2FDEAD51CFC3D12006B0075 /* Debug */ = {
			isa = XCBuildConfiguration;
			buildSettings = {
				INFOPLIST_FILE = CellTypeTableViewUITests/Info.plist;
				LD_RUNPATH_SEARCH_PATHS = "$(inherited) @executable_path/Frameworks @loader_path/Frameworks";
				PRODUCT_BUNDLE_IDENTIFIER = TY.daom.CellTypeTableViewUITests;
				PRODUCT_NAME = "$(TARGET_NAME)";
				TEST_TARGET_NAME = CellTypeTableView;
			};
			name = Debug;
		};
		A2FDEAD61CFC3D12006B0075 /* Release */ = {
			isa = XCBuildConfiguration;
			buildSettings = {
				INFOPLIST_FILE = CellTypeTableViewUITests/Info.plist;
				LD_RUNPATH_SEARCH_PATHS = "$(inherited) @executable_path/Frameworks @loader_path/Frameworks";
				PRODUCT_BUNDLE_IDENTIFIER = TY.daom.CellTypeTableViewUITests;
				PRODUCT_NAME = "$(TARGET_NAME)";
				TEST_TARGET_NAME = CellTypeTableView;
			};
			name = Release;
		};
/* End XCBuildConfiguration section */

/* Begin XCConfigurationList section */
		A2FDEA9E1CFC3D12006B0075 /* Build configuration list for PBXProject "CellTypeTableView" */ = {
			isa = XCConfigurationList;
			buildConfigurations = (
				A2FDEACC1CFC3D12006B0075 /* Debug */,
				A2FDEACD1CFC3D12006B0075 /* Release */,
			);
			defaultConfigurationIsVisible = 0;
			defaultConfigurationName = Release;
		};
		A2FDEACE1CFC3D12006B0075 /* Build configuration list for PBXNativeTarget "CellTypeTableView" */ = {
			isa = XCConfigurationList;
			buildConfigurations = (
				A2FDEACF1CFC3D12006B0075 /* Debug */,
				A2FDEAD01CFC3D12006B0075 /* Release */,
			);
			defaultConfigurationIsVisible = 0;
			defaultConfigurationName = Release;
		};
		A2FDEAD11CFC3D12006B0075 /* Build configuration list for PBXNativeTarget "CellTypeTableViewTests" */ = {
			isa = XCConfigurationList;
			buildConfigurations = (
				A2FDEAD21CFC3D12006B0075 /* Debug */,
				A2FDEAD31CFC3D12006B0075 /* Release */,
			);
			defaultConfigurationIsVisible = 0;
			defaultConfigurationName = Release;
		};
		A2FDEAD41CFC3D12006B0075 /* Build configuration list for PBXNativeTarget "CellTypeTableViewUITests" */ = {
			isa = XCConfigurationList;
			buildConfigurations = (
				A2FDEAD51CFC3D12006B0075 /* Debug */,
				A2FDEAD61CFC3D12006B0075 /* Release */,
			);
			defaultConfigurationIsVisible = 0;
			defaultConfigurationName = Release;
		};
/* End XCConfigurationList section */

/* Begin XCVersionGroup section */
		A2FDEAAD1CFC3D12006B0075 /* CellTypeTableView.xcdatamodeld */ = {
			isa = XCVersionGroup;
			children = (
				A2FDEAAE1CFC3D12006B0075 /* CellTypeTableView.xcdatamodel */,
			);
			currentVersion = A2FDEAAE1CFC3D12006B0075 /* CellTypeTableView.xcdatamodel */;
			path = CellTypeTableView.xcdatamodeld;
			sourceTree = "<group>";
			versionGroupType = wrapper.xcdatamodel;
		};
/* End XCVersionGroup section */
	};
	rootObject = A2FDEA9B1CFC3D12006B0075 /* Project object */;
}
